
Microsoft Visual Studio Solution File, Format Version 12.00
# Visual Studio Version 17
VisualStudioVersion = 17.3.32819.101
MinimumVisualStudioVersion = 10.0.40219.1
Project("{FAE04EC0-301F-11D3-BF4B-00C04F79EFBC}") = "MoviesAPI", "MoviesAPI.csproj", "{EF3EBEE9-0BAB-4D99-AD7C-1B5E73C702C2}"
EndProject
Global
	GlobalSection(SolutionConfigurationPlatforms) = preSolution
		Debug|Any CPU = Debug|Any CPU
		Release|Any CPU = Release|Any CPU
	EndGlobalSection
	GlobalSection(ProjectConfigurationPlatforms) = postSolution
		{EF3EBEE9-0BAB-4D99-AD7C-1B5E73C702C2}.Debug|Any CPU.ActiveCfg = Debug|Any CPU
		{EF3EBEE9-0BAB-4D99-AD7C-1B5E73C702C2}.Debug|Any CPU.Build.0 = Debug|Any CPU
		{EF3EBEE9-0BAB-4D99-AD7C-1B5E73C702C2}.Release|Any CPU.ActiveCfg = Release|Any CPU
		{EF3EBEE9-0BAB-4D99-AD7C-1B5E73C702C2}.Release|Any CPU.Build.0 = Release|Any CPU
	EndGlobalSection
	GlobalSection(SolutionProperties) = preSolution
		HideSolutionNode = FALSE
	EndGlobalSection
	GlobalSection(ExtensibilityGlobals) = postSolution
		SolutionGuid = {8FC0C763-63DA-4CB8-9537-7D9FF04E36CE}
	EndGlobalSection
EndGlobal
